// !$*UTF8*$!
{
	archiveVersion = 1;
	classes = {
	};
	objectVersion = 77;
	objects = {

/* Begin PBXBuildFile section */
		A10000000000000000000101 /* FilmCanisterView.swift in Sources */ = {isa = PBXBuildFile; fileRef = A10000000000000000000201 /* FilmCanisterView.swift */; };
		A10000000000000000000102 /* FilmBackMaterials.swift in Sources */ = {isa = PBXBuildFile; fileRef = A10000000000000000000202 /* FilmBackMaterials.swift */; };
		A10000000000000000000103 /* CanisterLibrary.swift in Sources */ = {isa = PBXBuildFile; fileRef = A10000000000000000000203 /* CanisterLibrary.swift */; };
		A10000000000000000000104 /* BarlowCondensed-SemiBold.ttf in Resources */ = {isa = PBXBuildFile; fileRef = A10000000000000000000204 /* BarlowCondensed-SemiBold.ttf */; };
		A10000000000000000000105 /* AppIcon.icon in Resources */ = {isa = PBXBuildFile; fileRef = A10000000000000000000205 /* AppIcon.icon */; };
		A10000000000000000000106 /* GranularCore in Frameworks */ = {isa = PBXBuildFile; productRef = A10000000000000000000901 /* GranularCore */; };
/* End PBXBuildFile section */

/* Begin PBXFileReference section */
		A10000000000000000000201 /* FilmCanisterView.swift */ = {isa = PBXFileReference; lastKnownFileType = sourcecode.swift; path = FilmCanisterView.swift; sourceTree = "<group>"; };
		A10000000000000000000202 /* FilmBackMaterials.swift */ = {isa = PBXFileReference; lastKnownFileType = sourcecode.swift; path = FilmBackMaterials.swift; sourceTree = "<group>"; };
		A10000000000000000000203 /* CanisterLibrary.swift */ = {isa = PBXFileReference; lastKnownFileType = sourcecode.swift; path = CanisterLibrary.swift; sourceTree = "<group>"; };
		A10000000000000000000204 /* BarlowCondensed-SemiBold.ttf */ = {isa = PBXFileReference; lastKnownFileType = file; name = "BarlowCondensed-SemiBold.ttf"; path = "../Resources/Fonts/BarlowCondensed-SemiBold.ttf"; sourceTree = SOURCE_ROOT; };
		A10000000000000000000205 /* AppIcon.icon */ = {isa = PBXFileReference; lastKnownFileType = folder.iconcomposer.icon; name = AppIcon.icon; path = ../AppIcon.icon; sourceTree = SOURCE_ROOT; };
		A10000000000000000000301 /* Granular.app */ = {isa = PBXFileReference; explicitFileType = wrapper.application; includeInIndex = 0; path = Granular.app; sourceTree = BUILT_PRODUCTS_DIR; };
/* End PBXFileReference section */

/* Begin PBXFileSystemSynchronizedRootGroup section */
		A10000000000000000000401 /* Granular */ = {isa = PBXFileSystemSynchronizedRootGroup; path = Granular; sourceTree = "<group>"; };
/* End PBXFileSystemSynchronizedRootGroup section */

/* Begin PBXFrameworksBuildPhase section */
		A10000000000000000000501 /* Frameworks */ = {
			isa = PBXFrameworksBuildPhase;
			buildActionMask = 2147483647;
			files = (
				A10000000000000000000106 /* GranularCore in Frameworks */,
			);
			runOnlyForDeploymentPostprocessing = 0;
		};
/* End PBXFrameworksBuildPhase section */

/* Begin PBXGroup section */
		A10000000000000000000601 = {
			isa = PBXGroup;
			children = (
				A10000000000000000000401 /* Granular */,
				A10000000000000000000602 /* Shared with Mac */,
				A10000000000000000000603 /* Products */,
			);
			sourceTree = "<group>";
		};
		A10000000000000000000602 /* Shared with Mac */ = {
			isa = PBXGroup;
			children = (
				A10000000000000000000201 /* FilmCanisterView.swift */,
				A10000000000000000000202 /* FilmBackMaterials.swift */,
				A10000000000000000000203 /* CanisterLibrary.swift */,
				A10000000000000000000204 /* BarlowCondensed-SemiBold.ttf */,
				A10000000000000000000205 /* AppIcon.icon */,
			);
			name = "Shared with Mac";
			path = ../Sources/Granular;
			sourceTree = "<group>";
		};
		A10000000000000000000603 /* Products */ = {
			isa = PBXGroup;
			children = (
				A10000000000000000000301 /* Granular.app */,
			);
			name = Products;
			sourceTree = "<group>";
		};
/* End PBXGroup section */

/* Begin PBXNativeTarget section */
		A10000000000000000000701 /* Granular iOS */ = {
			isa = PBXNativeTarget;
			buildConfigurationList = A10000000000000000000A02 /* Build configuration list for PBXNativeTarget "Granular iOS" */;
			buildPhases = (
				A10000000000000000000702 /* Sources */,
				A10000000000000000000501 /* Frameworks */,
				A10000000000000000000703 /* Resources */,
			);
			buildRules = (
			);
			dependencies = (
			);
			fileSystemSynchronizedGroups = (
				A10000000000000000000401 /* Granular */,
			);
			name = "Granular iOS";
			packageProductDependencies = (
				A10000000000000000000901 /* GranularCore */,
			);
			productName = Granular;
			productReference = A10000000000000000000301 /* Granular.app */;
			productType = "com.apple.product-type.application";
		};
/* End PBXNativeTarget section */

/* Begin PBXProject section */
		A10000000000000000000801 /* Project object */ = {
			isa = PBXProject;
			attributes = {
				BuildIndependentTargetsInParallel = 1;
				LastSwiftUpdateCheck = 2700;
				LastUpgradeCheck = 2700;
			};
			buildConfigurationList = A10000000000000000000A01 /* Build configuration list for PBXProject "Granular" */;
			developmentRegion = en;
			hasScannedForEncodings = 0;
			knownRegions = (
				en,
				Base,
			);
			mainGroup = A10000000000000000000601;
			minimizedProjectReferenceProxies = 1;
			packageReferences = (
				A10000000000000000000902 /* XCLocalSwiftPackageReference ".." */,
			);
			preferredProjectObjectVersion = 77;
			productRefGroup = A10000000000000000000603 /* Products */;
			projectDirPath = "";
			projectRoot = "";
			targets = (
				A10000000000000000000701 /* Granular iOS */,
			);
		};
/* End PBXProject section */

/* Begin PBXResourcesBuildPhase section */
		A10000000000000000000703 /* Resources */ = {
			isa = PBXResourcesBuildPhase;
			buildActionMask = 2147483647;
			files = (
				A10000000000000000000104 /* BarlowCondensed-SemiBold.ttf in Resources */,
				A10000000000000000000105 /* AppIcon.icon in Resources */,
			);
			runOnlyForDeploymentPostprocessing = 0;
		};
/* End PBXResourcesBuildPhase section */

/* Begin PBXSourcesBuildPhase section */
		A10000000000000000000702 /* Sources */ = {
			isa = PBXSourcesBuildPhase;
			buildActionMask = 2147483647;
			files = (
				A10000000000000000000101 /* FilmCanisterView.swift in Sources */,
				A10000000000000000000102 /* FilmBackMaterials.swift in Sources */,
				A10000000000000000000103 /* CanisterLibrary.swift in Sources */,
			);
			runOnlyForDeploymentPostprocessing = 0;
		};
/* End PBXSourcesBuildPhase section */

/* Begin XCBuildConfiguration section */
		A10000000000000000000B01 /* Debug */ = {
			isa = XCBuildConfiguration;
			buildSettings = {
				ALWAYS_SEARCH_USER_PATHS = NO;
				CLANG_ENABLE_MODULES = YES;
				CLANG_ENABLE_OBJC_ARC = YES;
				COPY_PHASE_STRIP = NO;
				DEBUG_INFORMATION_FORMAT = dwarf;
				ENABLE_STRICT_OBJC_MSGSEND = YES;
				ENABLE_TESTABILITY = YES;
				ENABLE_USER_SCRIPT_SANDBOXING = YES;
				GCC_OPTIMIZATION_LEVEL = 0;
				IPHONEOS_DEPLOYMENT_TARGET = 26.0;
				MTL_ENABLE_DEBUG_INFO = INCLUDE_SOURCE;
				ONLY_ACTIVE_ARCH = YES;
				SDKROOT = iphoneos;
				SWIFT_ACTIVE_COMPILATION_CONDITIONS = "DEBUG $(inherited)";
				SWIFT_OPTIMIZATION_LEVEL = "-Onone";
			};
			name = Debug;
		};
		A10000000000000000000B02 /* Release */ = {
			isa = XCBuildConfiguration;
			buildSettings = {
				ALWAYS_SEARCH_USER_PATHS = NO;
				CLANG_ENABLE_MODULES = YES;
				CLANG_ENABLE_OBJC_ARC = YES;
				COPY_PHASE_STRIP = NO;
				DEBUG_INFORMATION_FORMAT = "dwarf-with-dsym";
				ENABLE_NS_ASSERTIONS = NO;
				ENABLE_STRICT_OBJC_MSGSEND = YES;
				ENABLE_USER_SCRIPT_SANDBOXING = YES;
				IPHONEOS_DEPLOYMENT_TARGET = 26.0;
				MTL_ENABLE_DEBUG_INFO = NO;
				SDKROOT = iphoneos;
				SWIFT_COMPILATION_MODE = wholemodule;
				VALIDATE_PRODUCT = YES;
			};
			name = Release;
		};
		A10000000000000000000B03 /* Debug */ = {
			isa = XCBuildConfiguration;
			buildSettings = {
				ASSETCATALOG_COMPILER_APPICON_NAME = AppIcon;
				CODE_SIGN_STYLE = Automatic;
				CURRENT_PROJECT_VERSION = 1;
				ENABLE_PREVIEWS = YES;
				GENERATE_INFOPLIST_FILE = YES;
				INFOPLIST_FILE = Info.plist;
				INFOPLIST_KEY_CFBundleDisplayName = Granular;
				INFOPLIST_KEY_LSApplicationCategoryType = "public.app-category.photography";
				INFOPLIST_KEY_NSPhotoLibraryAddUsageDescription = "Granular saves the photos it develops to your library.";
				INFOPLIST_KEY_UIApplicationSceneManifest_Generation = YES;
				INFOPLIST_KEY_UILaunchScreen_Generation = YES;
				INFOPLIST_KEY_UISupportedInterfaceOrientations_iPhone = UIInterfaceOrientationPortrait;
				LD_RUNPATH_SEARCH_PATHS = (
					"$(inherited)",
					"@executable_path/Frameworks",
				);
				MARKETING_VERSION = 1.0;
				PRODUCT_BUNDLE_IDENTIFIER = com.danielmccullum.Granular;
				PRODUCT_MODULE_NAME = GranularMobile;
				PRODUCT_NAME = Granular;
				SUPPORTED_PLATFORMS = "iphoneos iphonesimulator";
				SWIFT_EMIT_LOC_STRINGS = YES;
				SWIFT_VERSION = 6.0;
				TARGETED_DEVICE_FAMILY = 1;
			};
			name = Debug;
		};
		A10000000000000000000B04 /* Release */ = {
			isa = XCBuildConfiguration;
			buildSettings = {
				ASSETCATALOG_COMPILER_APPICON_NAME = AppIcon;
				CODE_SIGN_STYLE = Automatic;
				CURRENT_PROJECT_VERSION = 1;
				ENABLE_PREVIEWS = YES;
				GENERATE_INFOPLIST_FILE = YES;
				INFOPLIST_FILE = Info.plist;
				INFOPLIST_KEY_CFBundleDisplayName = Granular;
				INFOPLIST_KEY_LSApplicationCategoryType = "public.app-category.photography";
				INFOPLIST_KEY_NSPhotoLibraryAddUsageDescription = "Granular saves the photos it develops to your library.";
				INFOPLIST_KEY_UIApplicationSceneManifest_Generation = YES;
				INFOPLIST_KEY_UILaunchScreen_Generation = YES;
				INFOPLIST_KEY_UISupportedInterfaceOrientations_iPhone = UIInterfaceOrientationPortrait;
				LD_RUNPATH_SEARCH_PATHS = (
					"$(inherited)",
					"@executable_path/Frameworks",
				);
				MARKETING_VERSION = 1.0;
				PRODUCT_BUNDLE_IDENTIFIER = com.danielmccullum.Granular;
				PRODUCT_MODULE_NAME = GranularMobile;
				PRODUCT_NAME = Granular;
				SUPPORTED_PLATFORMS = "iphoneos iphonesimulator";
				SWIFT_EMIT_LOC_STRINGS = YES;
				SWIFT_VERSION = 6.0;
				TARGETED_DEVICE_FAMILY = 1;
			};
			name = Release;
		};
/* End XCBuildConfiguration section */

/* Begin XCConfigurationList section */
		A10000000000000000000A01 /* Build configuration list for PBXProject "Granular" */ = {
			isa = XCConfigurationList;
			buildConfigurations = (
				A10000000000000000000B01 /* Debug */,
				A10000000000000000000B02 /* Release */,
			);
			defaultConfigurationIsVisible = 0;
			defaultConfigurationName = Release;
		};
		A10000000000000000000A02 /* Build configuration list for PBXNativeTarget "Granular iOS" */ = {
			isa = XCConfigurationList;
			buildConfigurations = (
				A10000000000000000000B03 /* Debug */,
				A10000000000000000000B04 /* Release */,
			);
			defaultConfigurationIsVisible = 0;
			defaultConfigurationName = Release;
		};
/* End XCConfigurationList section */

/* Begin XCLocalSwiftPackageReference section */
		A10000000000000000000902 /* XCLocalSwiftPackageReference ".." */ = {
			isa = XCLocalSwiftPackageReference;
			relativePath = ..;
		};
/* End XCLocalSwiftPackageReference section */

/* Begin XCSwiftPackageProductDependency section */
		A10000000000000000000901 /* GranularCore */ = {
			isa = XCSwiftPackageProductDependency;
			package = A10000000000000000000902 /* XCLocalSwiftPackageReference ".." */;
			productName = GranularCore;
		};
/* End XCSwiftPackageProductDependency section */
	};
	rootObject = A10000000000000000000801 /* Project object */;
}
